<Solution>
  <Folder Name="/build/">
    <File Path="Directory.Build.props" />
  </Folder>
  <Folder Name="/samples/">
    <Project Path="samples/Aquila.Samples/Aquila.Samples.csproj" />
  </Folder>
  <Folder Name="/src/">
    <Project Path="src/Aquila.Core/Aquila.Core.csproj" />
    <Project Path="src/Aquila.Cosmos/Aquila.Cosmos.csproj" />
  </Folder>
  <Folder Name="/tests/">
    <Project Path="tests/Aquila.Core.Tests/Aquila.Core.Tests.csproj" />
    <Project Path="tests/Aquila.Cosmos.Tests/Aquila.Cosmos.Tests.csproj" />
  </Folder>
</Solution>
